# This file is generated by gogradle automatically, you should NEVER modify it manually.
---
apiVersion: "0.8.1"
dependencies:
  build:
  - vcs: "git"
    name: "github.com/JackTiger/dcfcomm"
    commit: "8b58f80e4ded2670264f8ad6921e96140bedc967"
    url: "git@github.com:JackTiger/dcfcomm.git"
    transitive: false
  test: []
